<?xml version="1.0" encoding="utf-8"?>
<Project ToolsVersion="4.0" xmlns="http://schemas.microsoft.com/developer/msbuild/2003">
  <ItemGroup>
    <Filter Include="Source Files">
      <UniqueIdentifier>{4FC737F1-C7A5-4376-A066-2A32D752A2FF}</UniqueIdentifier>
      <Extensions>cpp;c;cc;cxx;def;odl;idl;hpj;bat;asm;asmx</Extensions>
    </Filter>
    <Filter Include="Header Files">
      <UniqueIdentifier>{93995380-89BD-4b04-88EB-625FBE52EBFB}</UniqueIdentifier>
      <Extensions>h;hh;hpp;hxx;hm;inl;inc;xsd</Extensions>
    </Filter>
    <Filter Include="Resource Files">
      <UniqueIdentifier>{67DA6AB6-F800-4c08-8B7A-83BB121AAD01}</UniqueIdentifier>
      <Extensions>rc;ico;cur;bmp;dlg;rc2;rct;bin;rgs;gif;jpg;jpeg;jpe;resx;tiff;tif;png;wav;mfcribbon-ms</Extensions>
    </Filter>
    <Filter Include="socket">
      <UniqueIdentifier>{b3a63656-ae4b-4673-8ab2-9ea7e0116b7d}</UniqueIdentifier>
    </Filter>
    <Filter Include="utils">
      <UniqueIdentifier>{fea56928-d201-4952-9938-c457db2fab67}</UniqueIdentifier>
    </Filter>
  </ItemGroup>
  <ItemGroup>
    <ClInclude Include="NCLocation.h">
      <Filter>Header Files</Filter>
    </ClInclude>
    <ClInclude Include="NCLocationDlg.h">
      <Filter>Header Files</Filter>
    </ClInclude>
    <ClInclude Include="stdafx.h">
      <Filter>Header Files</Filter>
    </ClInclude>
    <ClInclude Include="targetver.h">
      <Filter>Header Files</Filter>
    </ClInclude>
    <ClInclude Include="resource.h">
      <Filter>Header Files</Filter>
    </ClInclude>
    <ClInclude Include="CWebBrowser2.h">
      <Filter>Header Files</Filter>
    </ClInclude>
    <ClInclude Include="WebPage.h">
      <Filter>Header Files</Filter>
    </ClInclude>
    <ClInclude Include="CHttpClient.h">
      <Filter>Header Files</Filter>
    </ClInclude>
    <ClInclude Include="SocketMsgHandler.h">
      <Filter>socket</Filter>
    </ClInclude>
    <ClInclude Include="ToolUtils.h">
      <Filter>utils</Filter>
    </ClInclude>
    <ClInclude Include="ClientArrayList.h">
      <Filter>socket</Filter>
    </ClInclude>
    <ClInclude Include="MyServerSocket.h">
      <Filter>socket</Filter>
    </ClInclude>
  </ItemGroup>
  <ItemGroup>
    <ClCompile Include="NCLocation.cpp">
      <Filter>Source Files</Filter>
    </ClCompile>
    <ClCompile Include="NCLocationDlg.cpp">
      <Filter>Source Files</Filter>
    </ClCompile>
    <ClCompile Include="stdafx.cpp">
      <Filter>Source Files</Filter>
    </ClCompile>
    <ClCompile Include="CWebBrowser2.cpp">
      <Filter>Source Files</Filter>
    </ClCompile>
    <ClCompile Include="WebPage.cpp">
      <Filter>Source Files</Filter>
    </ClCompile>
    <ClCompile Include="CHttpClient.cpp">
      <Filter>Source Files</Filter>
    </ClCompile>
    <ClCompile Include="SocketMsgHandler.cpp">
      <Filter>socket</Filter>
    </ClCompile>
    <ClCompile Include="ToolUtils.cpp">
      <Filter>utils</Filter>
    </ClCompile>
    <ClCompile Include="MyServerSocket.cpp">
      <Filter>socket</Filter>
    </ClCompile>
  </ItemGroup>
  <ItemGroup>
    <ResourceCompile Include="NCLocation.rc">
      <Filter>Resource Files</Filter>
    </ResourceCompile>
  </ItemGroup>
  <ItemGroup>
    <None Include="res\NCLocation.rc2">
      <Filter>Resource Files</Filter>
    </None>
    <None Include="res\txt1.bin">
      <Filter>Resource Files</Filter>
    </None>
    <None Include="res\en_Location.html" />
  </ItemGroup>
  <ItemGroup>
    <Image Include="res\NCLocation.ico">
      <Filter>Resource Files</Filter>
    </Image>
    <Image Include="res\Toolbar.bmp">
      <Filter>Resource Files</Filter>
    </Image>
    <Image Include="res\Toolbar256.bmp">
      <Filter>Resource Files</Filter>
    </Image>
  </ItemGroup>
  <ItemGroup>
    <Text Include="res\hanhai_readme.txt" />
  </ItemGroup>
</Project>